
Microsoft Visual Studio Solution File, Format Version 12.00
# Visual Studio Version 16
VisualStudioVersion = 16.0.29424.173
MinimumVisualStudioVersion = 10.0.40219.1
Project("{9A19103F-16F7-4668-BE54-9A1E7A4F7556}") = "MyrinaUI", "MyrinaUI\MyrinaUI.csproj", "{2CC2FC43-CE09-4428-BDA0-C7041BD54EEC}"
EndProject
Project("{54435603-DBB4-11D2-8724-00A0C9A8B90C}") = "Myrina.Installer", "Myrina.Installer\Myrina.Installer.vdproj", "{F0B4FA0A-0BB8-4EB7-9733-CC488155CAAF}"
EndProject
Global
	GlobalSection(SolutionConfigurationPlatforms) = preSolution
		Debug|Any CPU = Debug|Any CPU
		Release|Any CPU = Release|Any CPU
	EndGlobalSection
	GlobalSection(ProjectConfigurationPlatforms) = postSolution
		{2CC2FC43-CE09-4428-BDA0-C7041BD54EEC}.Debug|Any CPU.ActiveCfg = Debug|Any CPU
		{2CC2FC43-CE09-4428-BDA0-C7041BD54EEC}.Debug|Any CPU.Build.0 = Debug|Any CPU
		{2CC2FC43-CE09-4428-BDA0-C7041BD54EEC}.Release|Any CPU.ActiveCfg = Release|Any CPU
		{2CC2FC43-CE09-4428-BDA0-C7041BD54EEC}.Release|Any CPU.Build.0 = Release|Any CPU
		{F0B4FA0A-0BB8-4EB7-9733-CC488155CAAF}.Debug|Any CPU.ActiveCfg = Debug
		{F0B4FA0A-0BB8-4EB7-9733-CC488155CAAF}.Release|Any CPU.ActiveCfg = Release
	EndGlobalSection
	GlobalSection(SolutionProperties) = preSolution
		HideSolutionNode = FALSE
	EndGlobalSection
	GlobalSection(ExtensibilityGlobals) = postSolution
		SolutionGuid = {29326E76-F300-4089-BF31-C4324C6848C3}
	EndGlobalSection
EndGlobal
